
Microsoft Visual Studio Solution File, Format Version 12.00
# Visual Studio Version 17
VisualStudioVersion = 17.14.36511.14 d17.14
MinimumVisualStudioVersion = 10.0.40219.1
Project("{FAE04EC0-301F-11D3-BF4B-00C04F79EFBC}") = "BlueArchiveStartupSounds", "BlueArchiveStartupSounds.csproj", "{392551C9-630E-4A75-81C6-92ED4179BF4C}"
EndProject
Global
	GlobalSection(SolutionConfigurationPlatforms) = preSolution
		Debug|Any CPU = Debug|Any CPU
		Release|Any CPU = Release|Any CPU
	EndGlobalSection
	GlobalSection(ProjectConfigurationPlatforms) = postSolution
		{392551C9-630E-4A75-81C6-92ED4179BF4C}.Debug|Any CPU.ActiveCfg = Debug|Any CPU
		{392551C9-630E-4A75-81C6-92ED4179BF4C}.Debug|Any CPU.Build.0 = Debug|Any CPU
		{392551C9-630E-4A75-81C6-92ED4179BF4C}.Release|Any CPU.ActiveCfg = Release|Any CPU
		{392551C9-630E-4A75-81C6-92ED4179BF4C}.Release|Any CPU.Build.0 = Release|Any CPU
	EndGlobalSection
	GlobalSection(SolutionProperties) = preSolution
		HideSolutionNode = FALSE
	EndGlobalSection
	GlobalSection(ExtensibilityGlobals) = postSolution
		SolutionGuid = {775DACB1-6387-4A55-B413-831F04BA891B}
	EndGlobalSection
EndGlobal
